
Microsoft Visual Studio Solution File, Format Version 12.00
# Visual Studio Version 16
VisualStudioVersion = 16.0.31410.357
MinimumVisualStudioVersion = 10.0.40219.1
Project("{9A19103F-16F7-4668-BE54-9A1E7A4F7556}") = "eShopSolution.WebApp", "eShopSolution.WebApp\eShopSolution.WebApp.csproj", "{8C885586-2557-4D91-B961-AA73B54EF167}"
EndProject
Project("{FAE04EC0-301F-11D3-BF4B-00C04F79EFBC}") = "eShopSolution.Data", "eShopSolution.Data\eShopSolution.Data.csproj", "{EC78B6FC-DB33-41E5-98DE-FF525D6AAD42}"
EndProject
Project("{FAE04EC0-301F-11D3-BF4B-00C04F79EFBC}") = "eShopSolution.Application", "eShopSolution.Application\eShopSolution.Application.csproj", "{4A32714A-D782-4230-978A-413FF83459DA}"
EndProject
Global
	GlobalSection(SolutionConfigurationPlatforms) = preSolution
		Debug|Any CPU = Debug|Any CPU
		Release|Any CPU = Release|Any CPU
	EndGlobalSection
	GlobalSection(ProjectConfigurationPlatforms) = postSolution
		{8C885586-2557-4D91-B961-AA73B54EF167}.Debug|Any CPU.ActiveCfg = Debug|Any CPU
		{8C885586-2557-4D91-B961-AA73B54EF167}.Debug|Any CPU.Build.0 = Debug|Any CPU
		{8C885586-2557-4D91-B961-AA73B54EF167}.Release|Any CPU.ActiveCfg = Release|Any CPU
		{8C885586-2557-4D91-B961-AA73B54EF167}.Release|Any CPU.Build.0 = Release|Any CPU
		{EC78B6FC-DB33-41E5-98DE-FF525D6AAD42}.Debug|Any CPU.ActiveCfg = Debug|Any CPU
		{EC78B6FC-DB33-41E5-98DE-FF525D6AAD42}.Debug|Any CPU.Build.0 = Debug|Any CPU
		{EC78B6FC-DB33-41E5-98DE-FF525D6AAD42}.Release|Any CPU.ActiveCfg = Release|Any CPU
		{EC78B6FC-DB33-41E5-98DE-FF525D6AAD42}.Release|Any CPU.Build.0 = Release|Any CPU
		{4A32714A-D782-4230-978A-413FF83459DA}.Debug|Any CPU.ActiveCfg = Debug|Any CPU
		{4A32714A-D782-4230-978A-413FF83459DA}.Debug|Any CPU.Build.0 = Debug|Any CPU
		{4A32714A-D782-4230-978A-413FF83459DA}.Release|Any CPU.ActiveCfg = Release|Any CPU
		{4A32714A-D782-4230-978A-413FF83459DA}.Release|Any CPU.Build.0 = Release|Any CPU
	EndGlobalSection
	GlobalSection(SolutionProperties) = preSolution
		HideSolutionNode = FALSE
	EndGlobalSection
	GlobalSection(ExtensibilityGlobals) = postSolution
		SolutionGuid = {D41E6B89-8FA1-44CE-8392-725D861561BE}
	EndGlobalSection
EndGlobal
