
Microsoft Visual Studio Solution File, Format Version 12.00
# Visual Studio Version 16
VisualStudioVersion = 16.0.30002.166
MinimumVisualStudioVersion = 10.0.40219.1
Project("{9A19103F-16F7-4668-BE54-9A1E7A4F7556}") = "eShopSolution.WebApp", "eShopSolution.WebApp\eShopSolution.WebApp.csproj", "{ACCB1E64-EB5A-4CC2-9D69-F975F11AE0CA}"
EndProject
Project("{FAE04EC0-301F-11D3-BF4B-00C04F79EFBC}") = "eShopSolution.Data", "eShopSolution.Data\eShopSolution.Data.csproj", "{DA79DD27-CA96-4286-8A05-DC7886211703}"
EndProject
Project("{FAE04EC0-301F-11D3-BF4B-00C04F79EFBC}") = "eShopSolution.Application", "eShopSolution.Application\eShopSolution.Application.csproj", "{0F910065-0BD6-469C-8CF6-1F9FBB419414}"
EndProject
Global
	GlobalSection(SolutionConfigurationPlatforms) = preSolution
		Debug|Any CPU = Debug|Any CPU
		Release|Any CPU = Release|Any CPU
	EndGlobalSection
	GlobalSection(ProjectConfigurationPlatforms) = postSolution
		{ACCB1E64-EB5A-4CC2-9D69-F975F11AE0CA}.Debug|Any CPU.ActiveCfg = Debug|Any CPU
		{ACCB1E64-EB5A-4CC2-9D69-F975F11AE0CA}.Debug|Any CPU.Build.0 = Debug|Any CPU
		{ACCB1E64-EB5A-4CC2-9D69-F975F11AE0CA}.Release|Any CPU.ActiveCfg = Release|Any CPU
		{ACCB1E64-EB5A-4CC2-9D69-F975F11AE0CA}.Release|Any CPU.Build.0 = Release|Any CPU
		{DA79DD27-CA96-4286-8A05-DC7886211703}.Debug|Any CPU.ActiveCfg = Debug|Any CPU
		{DA79DD27-CA96-4286-8A05-DC7886211703}.Debug|Any CPU.Build.0 = Debug|Any CPU
		{DA79DD27-CA96-4286-8A05-DC7886211703}.Release|Any CPU.ActiveCfg = Release|Any CPU
		{DA79DD27-CA96-4286-8A05-DC7886211703}.Release|Any CPU.Build.0 = Release|Any CPU
		{0F910065-0BD6-469C-8CF6-1F9FBB419414}.Debug|Any CPU.ActiveCfg = Debug|Any CPU
		{0F910065-0BD6-469C-8CF6-1F9FBB419414}.Debug|Any CPU.Build.0 = Debug|Any CPU
		{0F910065-0BD6-469C-8CF6-1F9FBB419414}.Release|Any CPU.ActiveCfg = Release|Any CPU
		{0F910065-0BD6-469C-8CF6-1F9FBB419414}.Release|Any CPU.Build.0 = Release|Any CPU
	EndGlobalSection
	GlobalSection(SolutionProperties) = preSolution
		HideSolutionNode = FALSE
	EndGlobalSection
	GlobalSection(ExtensibilityGlobals) = postSolution
		SolutionGuid = {2C2EA6BA-93EA-4C70-98FE-842BB36719D9}
	EndGlobalSection
EndGlobal
